
Microsoft Visual Studio Solution File, Format Version 12.00
# Visual Studio Version 17
VisualStudioVersion = 17.5.002.0
MinimumVisualStudioVersion = 10.0.40219.1
Project("{2150E333-8FDC-42A3-9474-1A3956D46DE8}") = "src", "src", "{F4768394-6EB6-4C30-B124-35787BC045E0}"
EndProject
Project("{FAE04EC0-301F-11D3-BF4B-00C04F79EFBC}") = "Dominos", "src\Dominos\Dominos.csproj", "{6FF13769-1C37-401E-B936-6B3BDFD9A486}"
EndProject
Project("{FAE04EC0-301F-11D3-BF4B-00C04F79EFBC}") = "Dominos.UnitTests", "src\Dominos.UnitTests\Dominos.UnitTests.csproj", "{1D48819C-C7A0-4134-BDE7-88A807667298}"
EndProject
Global
	GlobalSection(SolutionConfigurationPlatforms) = preSolution
		Debug|Any CPU = Debug|Any CPU
		Release|Any CPU = Release|Any CPU
	EndGlobalSection
	GlobalSection(ProjectConfigurationPlatforms) = postSolution
		{6FF13769-1C37-401E-B936-6B3BDFD9A486}.Debug|Any CPU.ActiveCfg = Debug|Any CPU
		{6FF13769-1C37-401E-B936-6B3BDFD9A486}.Debug|Any CPU.Build.0 = Debug|Any CPU
		{6FF13769-1C37-401E-B936-6B3BDFD9A486}.Release|Any CPU.ActiveCfg = Release|Any CPU
		{6FF13769-1C37-401E-B936-6B3BDFD9A486}.Release|Any CPU.Build.0 = Release|Any CPU
		{1D48819C-C7A0-4134-BDE7-88A807667298}.Debug|Any CPU.ActiveCfg = Debug|Any CPU
		{1D48819C-C7A0-4134-BDE7-88A807667298}.Debug|Any CPU.Build.0 = Debug|Any CPU
		{1D48819C-C7A0-4134-BDE7-88A807667298}.Release|Any CPU.ActiveCfg = Release|Any CPU
		{1D48819C-C7A0-4134-BDE7-88A807667298}.Release|Any CPU.Build.0 = Release|Any CPU
	EndGlobalSection
	GlobalSection(SolutionProperties) = preSolution
		HideSolutionNode = FALSE
	EndGlobalSection
	GlobalSection(ExtensibilityGlobals) = postSolution
		SolutionGuid = {29130778-3F79-4CBE-A1B6-CCE554160CE1}
	EndGlobalSection
	GlobalSection(NestedProjects) = preSolution
		{6FF13769-1C37-401E-B936-6B3BDFD9A486} = {F4768394-6EB6-4C30-B124-35787BC045E0}
		{1D48819C-C7A0-4134-BDE7-88A807667298} = {F4768394-6EB6-4C30-B124-35787BC045E0}
	EndGlobalSection
EndGlobal
